github.com/echoflaresat/tiff v0.0.0-20250802075733-1ff07bdcbd7a h1:eyF8ecW+MlkJaQXsTpwjKY2DUUTl5VtQrbBv07XDwhw=
github.com/echoflaresat/tiff v0.0.0-20250802075733-1ff07bdcbd7a/go.mod h1:ZMmuvUAO15Tg9D5cQBujTG6YKrkLv18MqzzQDNB5fHw=
github.com/echoflaresat/tiff v0.1.0 h1:lROIGuDOfaNLuFB5DzwhjPTqWunrdLpXmm9FbXwiukY=
github.com/echoflaresat/tiff v0.1.0/go.mod h1:ZMmuvUAO15Tg9D5cQBujTG6YKrkLv18MqzzQDNB5fHw=
github.com/hashicorp/golang-lru v1.0.2 h1:dV3g9Z/unq5DpblPpw+Oqcv4dU/1omnb4Ok8iPY6p1c=
github.com/hashicorp/golang-lru v1.0.2/go.mod h1:iADmTwqILo4mZ8BN3D2Q6+9jd8WM5uGBxy+E8yxSoD4=
github.com/soniakeys/meeus/v3 v3.0.1 h1:inZIhWUeyumGoQ//CCZMI4qR2vPKCS6LbVPca2mDvqE=
github.com/soniakeys/meeus/v3 v3.0.1/go.mod h1:G1tkqa+QcOyErSe7WqN0OnzVeLrvq9bQBoNb1IG+3n8=
github.com/soniakeys/sexagesimal v1.0.0 h1:p4OW7ID1naq0+k0Sn/gvuS2hRgmEcuJrZeyyntOGLvU=
github.com/soniakeys/sexagesimal v1.0.0/go.mod h1:/7psACvkUx/IZ1XX3HDdBci1Lz1ZObcjLX2MVVKI3rM=
github.com/soniakeys/unit v1.0.0 h1:UMIgu6dxDQaK6tYaQV6dJn5oovB6035KRxCS0O7Jiec=
github.com/soniakeys/unit v1.0.0/go.mod h1:z93o2tO/hJA2+Wr1Fozkt3jK4LyDwTfRCjyRFLAa4zk=
golang.org/x/exp v0.0.0-20250718183923-645b1fa84792 h1:R9PFI6EUdfVKgwKjZef7QIwGcBKu86OEFpJ9nUEP2l4=
golang.org/x/exp v0.0.0-20250718183923-645b1fa84792/go.mod h1:A+z0yzpGtvnG90cToK5n2tu8UJVP2XUATh+r+sfOOOc=
golang.org/x/image v0.29.0 h1:HcdsyR4Gsuys/Axh0rDEmlBmB68rW1U9BUdB3UVHsas=
golang.org/x/image v0.29.0/go.mod h1:RVJROnf3SLK8d26OW91j4FrIHGbsJ8QnbEocVTOWQDA=
golang.org/x/sync v0.16.0 h1:ycBJEhp9p4vXvUZNszeOq0kGTPghopOL8q0fq3vstxw=
golang.org/x/sync v0.16.0/go.mod h1:1dzgHSNfp02xaA81J2MS99Qcpr2w7fw1gpm99rleRqA=
